// !$*UTF8*$!
{
	archiveVersion = 1;
	classes = {
	};
	objectVersion = 46;
	objects = {

/* Begin PBXBuildFile section */
		D018C5F31A461AE800B9D547 /* CitizenBuilder.cpp in Sources */ = {isa = PBXBuildFile; fileRef = D018C5F11A461AE800B9D547 /* CitizenBuilder.cpp */; };
		D018C5F71A46262100B9D547 /* AppState_Startup.cpp in Sources */ = {isa = PBXBuildFile; fileRef = D018C5F51A46262100B9D547 /* AppState_Startup.cpp */; };
		D018C5FA1A4626DE00B9D547 /* AppState_Running.cpp in Sources */ = {isa = PBXBuildFile; fileRef = D018C5F81A4626DE00B9D547 /* AppState_Running.cpp */; };
		D018C5FD1A4627A100B9D547 /* AppState_Shutdown.cpp in Sources */ = {isa = PBXBuildFile; fileRef = D018C5FB1A4627A100B9D547 /* AppState_Shutdown.cpp */; };
		D018C6001A4628C600B9D547 /* CitizenSocket.cpp in Sources */ = {isa = PBXBuildFile; fileRef = D018C5FE1A4628C600B9D547 /* CitizenSocket.cpp */; };
		D09299D41A44686700E9DEC2 /* main.cpp in Sources */ = {isa = PBXBuildFile; fileRef = D09299D31A44686700E9DEC2 /* main.cpp */; };
		D09299DC1A44688100E9DEC2 /* MasterBuilderApplication.cpp in Sources */ = {isa = PBXBuildFile; fileRef = D09299DA1A44688100E9DEC2 /* MasterBuilderApplication.cpp */; };
		D09299E31A44710800E9DEC2 /* ApplicationState_Startup.cpp in Sources */ = {isa = PBXBuildFile; fileRef = D09299E11A44710800E9DEC2 /* ApplicationState_Startup.cpp */; };
		D09299E61A44722500E9DEC2 /* ApplicationState_Running.cpp in Sources */ = {isa = PBXBuildFile; fileRef = D09299E41A44722500E9DEC2 /* ApplicationState_Running.cpp */; };
		D09299E91A4472E100E9DEC2 /* ApplicationState_Shutdown.cpp in Sources */ = {isa = PBXBuildFile; fileRef = D09299E71A4472E100E9DEC2 /* ApplicationState_Shutdown.cpp */; };
		D09299ED1A44742600E9DEC2 /* CitizenDB.cpp in Sources */ = {isa = PBXBuildFile; fileRef = D09299EB1A44742600E9DEC2 /* CitizenDB.cpp */; };
		D09299F41A45B7FA00E9DEC2 /* MasterSocket.cpp in Sources */ = {isa = PBXBuildFile; fileRef = D09299F21A45B7FA00E9DEC2 /* MasterSocket.cpp */; };
		D0929A001A45F1B800E9DEC2 /* main.cpp in Sources */ = {isa = PBXBuildFile; fileRef = D09299FF1A45F1B800E9DEC2 /* main.cpp */; };
		D0EC45D61A46991200C9A826 /* Application.cpp in Sources */ = {isa = PBXBuildFile; fileRef = D0EC45D31A46991200C9A826 /* Application.cpp */; };
		D0EC45D71A46991200C9A826 /* Application.cpp in Sources */ = {isa = PBXBuildFile; fileRef = D0EC45D31A46991200C9A826 /* Application.cpp */; };
		D0EC45D81A47313700C9A826 /* Messages.proto in Sources */ = {isa = PBXBuildFile; fileRef = D0929A0A1A45F81100E9DEC2 /* Messages.proto */; };
		D0EC45D91A4731D100C9A826 /* Messages.proto in Sources */ = {isa = PBXBuildFile; fileRef = D0929A0A1A45F81100E9DEC2 /* Messages.proto */; };
		D0EC45DD1A47599E00C9A826 /* Messaging.cpp in Sources */ = {isa = PBXBuildFile; fileRef = D0EC45DC1A47599E00C9A826 /* Messaging.cpp */; };
		D0EC45DE1A47599E00C9A826 /* Messaging.cpp in Sources */ = {isa = PBXBuildFile; fileRef = D0EC45DC1A47599E00C9A826 /* Messaging.cpp */; };
/* End PBXBuildFile section */

/* Begin PBXBuildRule section */
		D09299F01A45AF9C00E9DEC2 /* PBXBuildRule */ = {
			isa = PBXBuildRule;
			compilerSpec = com.apple.compilers.proxy.script;
			filePatterns = "*.proto";
			fileType = pattern.proxy;
			isEditable = 1;
			outputFiles = (
				"$(PROJECT_DIR)/Generated/$(INPUT_FILE_BASE).pb.cc",
				"$(PROJECT_DIR)/Generated/$(INPUT_FILE_BASE).pb.h",
			);
			script = "cd ${INPUT_FILE_DIR}\n/usr/local/bin/protoc --proto_path=${INPUT_FILE_DIR} ${INPUT_FILE_PATH} --cpp_out=${PROJECT_DIR}/Generated";
		};
		D0EC45DA1A4731DA00C9A826 /* PBXBuildRule */ = {
			isa = PBXBuildRule;
			compilerSpec = com.apple.compilers.proxy.script;
			filePatterns = "*.proto";
			fileType = pattern.proxy;
			isEditable = 1;
			outputFiles = (
				"$(PROJECT_DIR)/Generated/$(INPUT_FILE_BASE).pb.cc",
				"$(PROJECT_DIR)/Generated/$(INPUT_FILE_BASE).pb.h",
			);
			script = "cd ${INPUT_FILE_DIR}\n/usr/local/bin/protoc --proto_path=${INPUT_FILE_DIR} ${INPUT_FILE_PATH} --cpp_out=${PROJECT_DIR}/Generated";
		};
/* End PBXBuildRule section */

/* Begin PBXCopyFilesBuildPhase section */
		D09299CE1A44686700E9DEC2 /* CopyFiles */ = {
			isa = PBXCopyFilesBuildPhase;
			buildActionMask = 2147483647;
			dstPath = /usr/share/man/man1/;
			dstSubfolderSpec = 0;
			files = (
			);
			runOnlyForDeploymentPostprocessing = 1;
		};
		D09299FB1A45F1B800E9DEC2 /* CopyFiles */ = {
			isa = PBXCopyFilesBuildPhase;
			buildActionMask = 2147483647;
			dstPath = /usr/share/man/man1/;
			dstSubfolderSpec = 0;
			files = (
			);
			runOnlyForDeploymentPostprocessing = 1;
		};
/* End PBXCopyFilesBuildPhase section */

/* Begin PBXFileReference section */
		D018C5F11A461AE800B9D547 /* CitizenBuilder.cpp */ = {isa = PBXFileReference; fileEncoding = 4; lastKnownFileType = sourcecode.cpp.cpp; path = CitizenBuilder.cpp; sourceTree = "<group>"; };
		D018C5F21A461AE800B9D547 /* CitizenBuilder.h */ = {isa = PBXFileReference; fileEncoding = 4; lastKnownFileType = sourcecode.c.h; path = CitizenBuilder.h; sourceTree = "<group>"; };
		D018C5F51A46262100B9D547 /* AppState_Startup.cpp */ = {isa = PBXFileReference; fileEncoding = 4; lastKnownFileType = sourcecode.cpp.cpp; path = AppState_Startup.cpp; sourceTree = "<group>"; };
		D018C5F61A46262100B9D547 /* AppState_Startup.h */ = {isa = PBXFileReference; fileEncoding = 4; lastKnownFileType = sourcecode.c.h; path = AppState_Startup.h; sourceTree = "<group>"; };
		D018C5F81A4626DE00B9D547 /* AppState_Running.cpp */ = {isa = PBXFileReference; fileEncoding = 4; lastKnownFileType = sourcecode.cpp.cpp; path = AppState_Running.cpp; sourceTree = "<group>"; };
		D018C5F91A4626DE00B9D547 /* AppState_Running.h */ = {isa = PBXFileReference; fileEncoding = 4; lastKnownFileType = sourcecode.c.h; path = AppState_Running.h; sourceTree = "<group>"; };
		D018C5FB1A4627A100B9D547 /* AppState_Shutdown.cpp */ = {isa = PBXFileReference; fileEncoding = 4; lastKnownFileType = sourcecode.cpp.cpp; path = AppState_Shutdown.cpp; sourceTree = "<group>"; };
		D018C5FC1A4627A100B9D547 /* AppState_Shutdown.h */ = {isa = PBXFileReference; fileEncoding = 4; lastKnownFileType = sourcecode.c.h; path = AppState_Shutdown.h; sourceTree = "<group>"; };
		D018C5FE1A4628C600B9D547 /* CitizenSocket.cpp */ = {isa = PBXFileReference; fileEncoding = 4; lastKnownFileType = sourcecode.cpp.cpp; path = CitizenSocket.cpp; sourceTree = "<group>"; };
		D018C5FF1A4628C600B9D547 /* CitizenSocket.h */ = {isa = PBXFileReference; fileEncoding = 4; lastKnownFileType = sourcecode.c.h; path = CitizenSocket.h; sourceTree = "<group>"; };
		D09299D01A44686700E9DEC2 /* MasterBuilder */ = {isa = PBXFileReference; explicitFileType = "compiled.mach-o.executable"; includeInIndex = 0; path = MasterBuilder; sourceTree = BUILT_PRODUCTS_DIR; };
		D09299D31A44686700E9DEC2 /* main.cpp */ = {isa = PBXFileReference; lastKnownFileType = sourcecode.cpp.cpp; path = main.cpp; sourceTree = "<group>"; };
		D09299DA1A44688100E9DEC2 /* MasterBuilderApplication.cpp */ = {isa = PBXFileReference; fileEncoding = 4; lastKnownFileType = sourcecode.cpp.cpp; path = MasterBuilderApplication.cpp; sourceTree = "<group>"; };
		D09299DB1A44688100E9DEC2 /* MasterBuilderApplication.h */ = {isa = PBXFileReference; fileEncoding = 4; lastKnownFileType = sourcecode.c.h; path = MasterBuilderApplication.h; sourceTree = "<group>"; };
		D09299E11A44710800E9DEC2 /* ApplicationState_Startup.cpp */ = {isa = PBXFileReference; fileEncoding = 4; lastKnownFileType = sourcecode.cpp.cpp; path = ApplicationState_Startup.cpp; sourceTree = "<group>"; };
		D09299E21A44710800E9DEC2 /* ApplicationState_Startup.h */ = {isa = PBXFileReference; fileEncoding = 4; lastKnownFileType = sourcecode.c.h; path = ApplicationState_Startup.h; sourceTree = "<group>"; };
		D09299E41A44722500E9DEC2 /* ApplicationState_Running.cpp */ = {isa = PBXFileReference; fileEncoding = 4; lastKnownFileType = sourcecode.cpp.cpp; path = ApplicationState_Running.cpp; sourceTree = "<group>"; };
		D09299E51A44722500E9DEC2 /* ApplicationState_Running.h */ = {isa = PBXFileReference; fileEncoding = 4; lastKnownFileType = sourcecode.c.h; path = ApplicationState_Running.h; sourceTree = "<group>"; };
		D09299E71A4472E100E9DEC2 /* ApplicationState_Shutdown.cpp */ = {isa = PBXFileReference; fileEncoding = 4; lastKnownFileType = sourcecode.cpp.cpp; path = ApplicationState_Shutdown.cpp; sourceTree = "<group>"; };
		D09299E81A4472E100E9DEC2 /* ApplicationState_Shutdown.h */ = {isa = PBXFileReference; fileEncoding = 4; lastKnownFileType = sourcecode.c.h; path = ApplicationState_Shutdown.h; sourceTree = "<group>"; };
		D09299EB1A44742600E9DEC2 /* CitizenDB.cpp */ = {isa = PBXFileReference; fileEncoding = 4; lastKnownFileType = sourcecode.cpp.cpp; path = CitizenDB.cpp; sourceTree = "<group>"; };
		D09299EC1A44742600E9DEC2 /* CitizenDB.h */ = {isa = PBXFileReference; fileEncoding = 4; lastKnownFileType = sourcecode.c.h; path = CitizenDB.h; sourceTree = "<group>"; };
		D09299F21A45B7FA00E9DEC2 /* MasterSocket.cpp */ = {isa = PBXFileReference; explicitFileType = sourcecode.cpp.objcpp; fileEncoding = 4; path = MasterSocket.cpp; sourceTree = "<group>"; };
		D09299F31A45B7FA00E9DEC2 /* MasterSocket.h */ = {isa = PBXFileReference; fileEncoding = 4; lastKnownFileType = sourcecode.c.h; path = MasterSocket.h; sourceTree = "<group>"; };
		D09299FD1A45F1B800E9DEC2 /* CitizenBuilder */ = {isa = PBXFileReference; explicitFileType = "compiled.mach-o.executable"; includeInIndex = 0; path = CitizenBuilder; sourceTree = BUILT_PRODUCTS_DIR; };
		D09299FF1A45F1B800E9DEC2 /* main.cpp */ = {isa = PBXFileReference; lastKnownFileType = sourcecode.cpp.cpp; path = main.cpp; sourceTree = "<group>"; };
		D0929A051A45F25F00E9DEC2 /* Messages.pb.cc */ = {isa = PBXFileReference; fileEncoding = 4; lastKnownFileType = sourcecode.cpp.cpp; name = Messages.pb.cc; path = Generated/Messages.pb.cc; sourceTree = SOURCE_ROOT; };
		D0929A061A45F25F00E9DEC2 /* Messages.pb.h */ = {isa = PBXFileReference; fileEncoding = 4; lastKnownFileType = sourcecode.c.h; name = Messages.pb.h; path = Generated/Messages.pb.h; sourceTree = SOURCE_ROOT; };
		D0929A0A1A45F81100E9DEC2 /* Messages.proto */ = {isa = PBXFileReference; fileEncoding = 4; lastKnownFileType = text; name = Messages.proto; path = Messaging/Messages.proto; sourceTree = SOURCE_ROOT; usesTabs = 0; };
		D0EC45D31A46991200C9A826 /* Application.cpp */ = {isa = PBXFileReference; fileEncoding = 4; lastKnownFileType = sourcecode.cpp.cpp; name = Application.cpp; path = Shared/Application.cpp; sourceTree = "<group>"; };
		D0EC45D41A46991200C9A826 /* Application.h */ = {isa = PBXFileReference; fileEncoding = 4; lastKnownFileType = sourcecode.c.h; name = Application.h; path = Shared/Application.h; sourceTree = "<group>"; };
		D0EC45D51A46991200C9A826 /* ApplicationState.h */ = {isa = PBXFileReference; fileEncoding = 4; lastKnownFileType = sourcecode.c.h; name = ApplicationState.h; path = Shared/ApplicationState.h; sourceTree = "<group>"; };
		D0EC45DB1A4758BA00C9A826 /* Messaging.h */ = {isa = PBXFileReference; lastKnownFileType = sourcecode.c.h; name = Messaging.h; path = Shared/Messaging.h; sourceTree = "<group>"; };
		D0EC45DC1A47599E00C9A826 /* Messaging.cpp */ = {isa = PBXFileReference; fileEncoding = 4; lastKnownFileType = sourcecode.cpp.cpp; name = Messaging.cpp; path = Shared/Messaging.cpp; sourceTree = "<group>"; };
/* End PBXFileReference section */

/* Begin PBXFrameworksBuildPhase section */
		D09299CD1A44686700E9DEC2 /* Frameworks */ = {
			isa = PBXFrameworksBuildPhase;
			buildActionMask = 2147483647;
			files = (
			);
			runOnlyForDeploymentPostprocessing = 0;
		};
		D09299FA1A45F1B800E9DEC2 /* Frameworks */ = {
			isa = PBXFrameworksBuildPhase;
			buildActionMask = 2147483647;
			files = (
			);
			runOnlyForDeploymentPostprocessing = 0;
		};
/* End PBXFrameworksBuildPhase section */

/* Begin PBXGroup section */
		D018C5E81A46191C00B9D547 /* Shared */ = {
			isa = PBXGroup;
			children = (
				D0EC45D31A46991200C9A826 /* Application.cpp */,
				D0EC45D41A46991200C9A826 /* Application.h */,
				D0EC45D51A46991200C9A826 /* ApplicationState.h */,
				D0EC45DB1A4758BA00C9A826 /* Messaging.h */,
				D0EC45DC1A47599E00C9A826 /* Messaging.cpp */,
			);
			name = Shared;
			sourceTree = "<group>";
		};
		D018C5F41A461B6300B9D547 /* AppStates */ = {
			isa = PBXGroup;
			children = (
				D018C5F51A46262100B9D547 /* AppState_Startup.cpp */,
				D018C5F61A46262100B9D547 /* AppState_Startup.h */,
				D018C5F81A4626DE00B9D547 /* AppState_Running.cpp */,
				D018C5F91A4626DE00B9D547 /* AppState_Running.h */,
				D018C5FB1A4627A100B9D547 /* AppState_Shutdown.cpp */,
				D018C5FC1A4627A100B9D547 /* AppState_Shutdown.h */,
			);
			name = AppStates;
			sourceTree = "<group>";
		};
		D09299C71A44686700E9DEC2 = {
			isa = PBXGroup;
			children = (
				D018C5E81A46191C00B9D547 /* Shared */,
				D09299EE1A45AE7200E9DEC2 /* Messaging */,
				D09299F51A45C50F00E9DEC2 /* Generated */,
				D09299D21A44686700E9DEC2 /* MasterBuilder */,
				D09299FE1A45F1B800E9DEC2 /* CitizenBuilder */,
				D09299D11A44686700E9DEC2 /* Products */,
			);
			sourceTree = "<group>";
		};
		D09299D11A44686700E9DEC2 /* Products */ = {
			isa = PBXGroup;
			children = (
				D09299D01A44686700E9DEC2 /* MasterBuilder */,
				D09299FD1A45F1B800E9DEC2 /* CitizenBuilder */,
			);
			name = Products;
			sourceTree = "<group>";
		};
		D09299D21A44686700E9DEC2 /* MasterBuilder */ = {
			isa = PBXGroup;
			children = (
				D09299E01A4470F300E9DEC2 /* AppStates */,
				D09299D31A44686700E9DEC2 /* main.cpp */,
				D09299DA1A44688100E9DEC2 /* MasterBuilderApplication.cpp */,
				D09299DB1A44688100E9DEC2 /* MasterBuilderApplication.h */,
				D09299EB1A44742600E9DEC2 /* CitizenDB.cpp */,
				D09299EC1A44742600E9DEC2 /* CitizenDB.h */,
				D09299F21A45B7FA00E9DEC2 /* MasterSocket.cpp */,
				D09299F31A45B7FA00E9DEC2 /* MasterSocket.h */,
			);
			path = MasterBuilder;
			sourceTree = "<group>";
		};
		D09299E01A4470F300E9DEC2 /* AppStates */ = {
			isa = PBXGroup;
			children = (
				D09299E11A44710800E9DEC2 /* ApplicationState_Startup.cpp */,
				D09299E21A44710800E9DEC2 /* ApplicationState_Startup.h */,
				D09299E41A44722500E9DEC2 /* ApplicationState_Running.cpp */,
				D09299E51A44722500E9DEC2 /* ApplicationState_Running.h */,
				D09299E71A4472E100E9DEC2 /* ApplicationState_Shutdown.cpp */,
				D09299E81A4472E100E9DEC2 /* ApplicationState_Shutdown.h */,
			);
			name = AppStates;
			sourceTree = "<group>";
		};
		D09299EE1A45AE7200E9DEC2 /* Messaging */ = {
			isa = PBXGroup;
			children = (
				D0929A0A1A45F81100E9DEC2 /* Messages.proto */,
			);
			name = Messaging;
			path = MasterBuilder;
			sourceTree = "<group>";
		};
		D09299F51A45C50F00E9DEC2 /* Generated */ = {
			isa = PBXGroup;
			children = (
				D0929A051A45F25F00E9DEC2 /* Messages.pb.cc */,
				D0929A061A45F25F00E9DEC2 /* Messages.pb.h */,
			);
			name = Generated;
			path = MasterBuilder;
			sourceTree = "<group>";
		};
		D09299FE1A45F1B800E9DEC2 /* CitizenBuilder */ = {
			isa = PBXGroup;
			children = (
				D018C5F41A461B6300B9D547 /* AppStates */,
				D09299FF1A45F1B800E9DEC2 /* main.cpp */,
				D018C5F11A461AE800B9D547 /* CitizenBuilder.cpp */,
				D018C5F21A461AE800B9D547 /* CitizenBuilder.h */,
				D018C5FE1A4628C600B9D547 /* CitizenSocket.cpp */,
				D018C5FF1A4628C600B9D547 /* CitizenSocket.h */,
			);
			path = CitizenBuilder;
			sourceTree = "<group>";
		};
/* End PBXGroup section */

/* Begin PBXNativeTarget section */
		D09299CF1A44686700E9DEC2 /* MasterBuilder */ = {
			isa = PBXNativeTarget;
			buildConfigurationList = D09299D71A44686700E9DEC2 /* Build configuration list for PBXNativeTarget "MasterBuilder" */;
			buildPhases = (
				D09299CC1A44686700E9DEC2 /* Sources */,
				D09299CD1A44686700E9DEC2 /* Frameworks */,
				D09299CE1A44686700E9DEC2 /* CopyFiles */,
			);
			buildRules = (
				D09299F01A45AF9C00E9DEC2 /* PBXBuildRule */,
			);
			dependencies = (
			);
			name = MasterBuilder;
			productName = MasterBuilder;
			productReference = D09299D01A44686700E9DEC2 /* MasterBuilder */;
			productType = "com.apple.product-type.tool";
		};
		D09299FC1A45F1B800E9DEC2 /* CitizenBuilder */ = {
			isa = PBXNativeTarget;
			buildConfigurationList = D0929A011A45F1B800E9DEC2 /* Build configuration list for PBXNativeTarget "CitizenBuilder" */;
			buildPhases = (
				D09299F91A45F1B800E9DEC2 /* Sources */,
				D09299FA1A45F1B800E9DEC2 /* Frameworks */,
				D09299FB1A45F1B800E9DEC2 /* CopyFiles */,
			);
			buildRules = (
				D0EC45DA1A4731DA00C9A826 /* PBXBuildRule */,
			);
			dependencies = (
			);
			name = CitizenBuilder;
			productName = CitizenBuilder;
			productReference = D09299FD1A45F1B800E9DEC2 /* CitizenBuilder */;
			productType = "com.apple.product-type.tool";
		};
/* End PBXNativeTarget section */

/* Begin PBXProject section */
		D09299C81A44686700E9DEC2 /* Project object */ = {
			isa = PBXProject;
			attributes = {
				LastUpgradeCheck = 0610;
				ORGANIZATIONNAME = Pawkette;
				TargetAttributes = {
					D09299CF1A44686700E9DEC2 = {
						CreatedOnToolsVersion = 6.1.1;
					};
					D09299FC1A45F1B800E9DEC2 = {
						CreatedOnToolsVersion = 6.1.1;
					};
				};
			};
			buildConfigurationList = D09299CB1A44686700E9DEC2 /* Build configuration list for PBXProject "MasterBuilder" */;
			compatibilityVersion = "Xcode 3.2";
			developmentRegion = English;
			hasScannedForEncodings = 0;
			knownRegions = (
				en,
			);
			mainGroup = D09299C71A44686700E9DEC2;
			productRefGroup = D09299D11A44686700E9DEC2 /* Products */;
			projectDirPath = "";
			projectRoot = "";
			targets = (
				D09299CF1A44686700E9DEC2 /* MasterBuilder */,
				D09299FC1A45F1B800E9DEC2 /* CitizenBuilder */,
			);
		};
/* End PBXProject section */

/* Begin PBXSourcesBuildPhase section */
		D09299CC1A44686700E9DEC2 /* Sources */ = {
			isa = PBXSourcesBuildPhase;
			buildActionMask = 2147483647;
			files = (
				D0EC45DD1A47599E00C9A826 /* Messaging.cpp in Sources */,
				D0EC45D81A47313700C9A826 /* Messages.proto in Sources */,
				D09299E31A44710800E9DEC2 /* ApplicationState_Startup.cpp in Sources */,
				D09299DC1A44688100E9DEC2 /* MasterBuilderApplication.cpp in Sources */,
				D0EC45D61A46991200C9A826 /* Application.cpp in Sources */,
				D09299ED1A44742600E9DEC2 /* CitizenDB.cpp in Sources */,
				D09299D41A44686700E9DEC2 /* main.cpp in Sources */,
				D09299E91A4472E100E9DEC2 /* ApplicationState_Shutdown.cpp in Sources */,
				D09299F41A45B7FA00E9DEC2 /* MasterSocket.cpp in Sources */,
				D09299E61A44722500E9DEC2 /* ApplicationState_Running.cpp in Sources */,
			);
			runOnlyForDeploymentPostprocessing = 0;
		};
		D09299F91A45F1B800E9DEC2 /* Sources */ = {
			isa = PBXSourcesBuildPhase;
			buildActionMask = 2147483647;
			files = (
				D0EC45DE1A47599E00C9A826 /* Messaging.cpp in Sources */,
				D0EC45D91A4731D100C9A826 /* Messages.proto in Sources */,
				D018C6001A4628C600B9D547 /* CitizenSocket.cpp in Sources */,
				D018C5FD1A4627A100B9D547 /* AppState_Shutdown.cpp in Sources */,
				D018C5FA1A4626DE00B9D547 /* AppState_Running.cpp in Sources */,
				D018C5F31A461AE800B9D547 /* CitizenBuilder.cpp in Sources */,
				D0EC45D71A46991200C9A826 /* Application.cpp in Sources */,
				D018C5F71A46262100B9D547 /* AppState_Startup.cpp in Sources */,
				D0929A001A45F1B800E9DEC2 /* main.cpp in Sources */,
			);
			runOnlyForDeploymentPostprocessing = 0;
		};
/* End PBXSourcesBuildPhase section */

/* Begin XCBuildConfiguration section */
		D09299D51A44686700E9DEC2 /* Debug */ = {
			isa = XCBuildConfiguration;
			buildSettings = {
				ALWAYS_SEARCH_USER_PATHS = NO;
				CLANG_CXX_LANGUAGE_STANDARD = "gnu++0x";
				CLANG_CXX_LIBRARY = "libc++";
				CLANG_ENABLE_MODULES = YES;
				CLANG_ENABLE_OBJC_ARC = YES;
				CLANG_WARN_BOOL_CONVERSION = YES;
				CLANG_WARN_CONSTANT_CONVERSION = YES;
				CLANG_WARN_DIRECT_OBJC_ISA_USAGE = YES_ERROR;
				CLANG_WARN_EMPTY_BODY = YES;
				CLANG_WARN_ENUM_CONVERSION = YES;
				CLANG_WARN_INT_CONVERSION = YES;
				CLANG_WARN_OBJC_ROOT_CLASS = YES_ERROR;
				CLANG_WARN_UNREACHABLE_CODE = YES;
				CLANG_WARN__DUPLICATE_METHOD_MATCH = YES;
				COPY_PHASE_STRIP = NO;
				ENABLE_STRICT_OBJC_MSGSEND = YES;
				GCC_C_LANGUAGE_STANDARD = gnu99;
				GCC_DYNAMIC_NO_PIC = NO;
				GCC_OPTIMIZATION_LEVEL = 0;
				GCC_PREPROCESSOR_DEFINITIONS = (
					"DEBUG=1",
					"$(inherited)",
				);
				GCC_SYMBOLS_PRIVATE_EXTERN = NO;
				GCC_WARN_64_TO_32_BIT_CONVERSION = YES;
				GCC_WARN_ABOUT_RETURN_TYPE = YES_ERROR;
				GCC_WARN_UNDECLARED_SELECTOR = YES;
				GCC_WARN_UNINITIALIZED_AUTOS = YES_AGGRESSIVE;
				GCC_WARN_UNUSED_FUNCTION = YES;
				GCC_WARN_UNUSED_VARIABLE = YES;
				MACOSX_DEPLOYMENT_TARGET = 10.10;
				MTL_ENABLE_DEBUG_INFO = YES;
				ONLY_ACTIVE_ARCH = YES;
				SDKROOT = macosx;
			};
			name = Debug;
		};
		D09299D61A44686700E9DEC2 /* Release */ = {
			isa = XCBuildConfiguration;
			buildSettings = {
				ALWAYS_SEARCH_USER_PATHS = NO;
				CLANG_CXX_LANGUAGE_STANDARD = "gnu++0x";
				CLANG_CXX_LIBRARY = "libc++";
				CLANG_ENABLE_MODULES = YES;
				CLANG_ENABLE_OBJC_ARC = YES;
				CLANG_WARN_BOOL_CONVERSION = YES;
				CLANG_WARN_CONSTANT_CONVERSION = YES;
				CLANG_WARN_DIRECT_OBJC_ISA_USAGE = YES_ERROR;
				CLANG_WARN_EMPTY_BODY = YES;
				CLANG_WARN_ENUM_CONVERSION = YES;
				CLANG_WARN_INT_CONVERSION = YES;
				CLANG_WARN_OBJC_ROOT_CLASS = YES_ERROR;
				CLANG_WARN_UNREACHABLE_CODE = YES;
				CLANG_WARN__DUPLICATE_METHOD_MATCH = YES;
				COPY_PHASE_STRIP = YES;
				DEBUG_INFORMATION_FORMAT = "dwarf-with-dsym";
				ENABLE_NS_ASSERTIONS = NO;
				ENABLE_STRICT_OBJC_MSGSEND = YES;
				GCC_C_LANGUAGE_STANDARD = gnu99;
				GCC_WARN_64_TO_32_BIT_CONVERSION = YES;
				GCC_WARN_ABOUT_RETURN_TYPE = YES_ERROR;
				GCC_WARN_UNDECLARED_SELECTOR = YES;
				GCC_WARN_UNINITIALIZED_AUTOS = YES_AGGRESSIVE;
				GCC_WARN_UNUSED_FUNCTION = YES;
				GCC_WARN_UNUSED_VARIABLE = YES;
				MACOSX_DEPLOYMENT_TARGET = 10.10;
				MTL_ENABLE_DEBUG_INFO = NO;
				SDKROOT = macosx;
			};
			name = Release;
		};
		D09299D81A44686700E9DEC2 /* Debug */ = {
			isa = XCBuildConfiguration;
			buildSettings = {
				ALWAYS_SEARCH_USER_PATHS = YES;
				FRAMEWORK_SEARCH_PATHS = /usr/local/lib;
				HEADER_SEARCH_PATHS = (
					"$(inherited)",
					/Applications/Xcode.app/Contents/Developer/Toolchains/XcodeDefault.xctoolchain/usr/include,
					/usr/local/include,
				);
				LIBRARY_SEARCH_PATHS = /usr/local/lib;
				OTHER_LDFLAGS = (
					"-lprotobuf",
					"-lprotoc",
				);
				PRODUCT_NAME = "$(TARGET_NAME)";
			};
			name = Debug;
		};
		D09299D91A44686700E9DEC2 /* Release */ = {
			isa = XCBuildConfiguration;
			buildSettings = {
				ALWAYS_SEARCH_USER_PATHS = YES;
				FRAMEWORK_SEARCH_PATHS = /usr/local/lib;
				HEADER_SEARCH_PATHS = (
					"$(inherited)",
					/Applications/Xcode.app/Contents/Developer/Toolchains/XcodeDefault.xctoolchain/usr/include,
					/usr/local/include,
				);
				LIBRARY_SEARCH_PATHS = /usr/local/lib;
				OTHER_LDFLAGS = (
					"-lprotobuf",
					"-lprotoc",
				);
				PRODUCT_NAME = "$(TARGET_NAME)";
			};
			name = Release;
		};
		D0929A021A45F1B800E9DEC2 /* Debug */ = {
			isa = XCBuildConfiguration;
			buildSettings = {
				FRAMEWORK_SEARCH_PATHS = /usr/local/lib;
				GCC_PREPROCESSOR_DEFINITIONS = (
					"DEBUG=1",
					"$(inherited)",
				);
				HEADER_SEARCH_PATHS = (
					"$(inherited)",
					/Applications/Xcode.app/Contents/Developer/Toolchains/XcodeDefault.xctoolchain/usr/include,
					/usr/local/include,
				);
				LIBRARY_SEARCH_PATHS = /usr/local/lib;
				OTHER_LDFLAGS = (
					"-lprotoc",
					"-lprotobuf",
				);
				PRODUCT_NAME = "$(TARGET_NAME)";
			};
			name = Debug;
		};
		D0929A031A45F1B800E9DEC2 /* Release */ = {
			isa = XCBuildConfiguration;
			buildSettings = {
				FRAMEWORK_SEARCH_PATHS = /usr/local/lib;
				HEADER_SEARCH_PATHS = (
					"$(inherited)",
					/Applications/Xcode.app/Contents/Developer/Toolchains/XcodeDefault.xctoolchain/usr/include,
					/usr/local/include,
				);
				LIBRARY_SEARCH_PATHS = /usr/local/lib;
				OTHER_LDFLAGS = (
					"-lprotoc",
					"-lprotobuf",
				);
				PRODUCT_NAME = "$(TARGET_NAME)";
			};
			name = Release;
		};
/* End XCBuildConfiguration section */

/* Begin XCConfigurationList section */
		D09299CB1A44686700E9DEC2 /* Build configuration list for PBXProject "MasterBuilder" */ = {
			isa = XCConfigurationList;
			buildConfigurations = (
				D09299D51A44686700E9DEC2 /* Debug */,
				D09299D61A44686700E9DEC2 /* Release */,
			);
			defaultConfigurationIsVisible = 0;
			defaultConfigurationName = Release;
		};
		D09299D71A44686700E9DEC2 /* Build configuration list for PBXNativeTarget "MasterBuilder" */ = {
			isa = XCConfigurationList;
			buildConfigurations = (
				D09299D81A44686700E9DEC2 /* Debug */,
				D09299D91A44686700E9DEC2 /* Release */,
			);
			defaultConfigurationIsVisible = 0;
			defaultConfigurationName = Release;
		};
		D0929A011A45F1B800E9DEC2 /* Build configuration list for PBXNativeTarget "CitizenBuilder" */ = {
			isa = XCConfigurationList;
			buildConfigurations = (
				D0929A021A45F1B800E9DEC2 /* Debug */,
				D0929A031A45F1B800E9DEC2 /* Release */,
			);
			defaultConfigurationIsVisible = 0;
			defaultConfigurationName = Release;
		};
/* End XCConfigurationList section */
	};
	rootObject = D09299C81A44686700E9DEC2 /* Project object */;
}
